
Microsoft Visual Studio Solution File, Format Version 12.00
# Visual Studio Version 17
VisualStudioVersion = 17.11.35431.28
MinimumVisualStudioVersion = 10.0.40219.1
Project("{FAE04EC0-301F-11D3-BF4B-00C04F79EFBC}") = "ReportGenerator", "ReportGenerator\ReportGenerator.csproj", "{FA88EDDC-CAAB-40D1-9143-433260E745EF}"
EndProject
Global
	GlobalSection(SolutionConfigurationPlatforms) = preSolution
		Debug|Any CPU = Debug|Any CPU
		Release|Any CPU = Release|Any CPU
	EndGlobalSection
	GlobalSection(ProjectConfigurationPlatforms) = postSolution
		{FA88EDDC-CAAB-40D1-9143-433260E745EF}.Debug|Any CPU.ActiveCfg = Debug|Any CPU
		{FA88EDDC-CAAB-40D1-9143-433260E745EF}.Debug|Any CPU.Build.0 = Debug|Any CPU
		{FA88EDDC-CAAB-40D1-9143-433260E745EF}.Release|Any CPU.ActiveCfg = Release|Any CPU
		{FA88EDDC-CAAB-40D1-9143-433260E745EF}.Release|Any CPU.Build.0 = Release|Any CPU
	EndGlobalSection
	GlobalSection(SolutionProperties) = preSolution
		HideSolutionNode = FALSE
	EndGlobalSection
	GlobalSection(ExtensibilityGlobals) = postSolution
		SolutionGuid = {BD2DD259-F5C0-499C-8260-99B5A12B210C}
	EndGlobalSection
EndGlobal
